{
    "_readme": [
        "This file locks the dependencies of your project to a known state",
        "Read more about it at https://getcomposer.org/doc/01-basic-usage.md#composer-lock-the-lock-file",
        "This file is @generated automatically"
    ],
    "hash": "781cc38d2f745ec4bfba29e440111b80",
    "content-hash": "70878ea12bce14861844baa8032688de",
    "packages": [
        {
            "name": "gnugat/PronounceableWord",
            "version": "2.0.0",
            "source": {
                "type": "git",
                "url": "git@github.com:gnugat/PronounceableWord.git",
                "reference": "60a19dc7148e92de35ea536b9f873b86365d48f0"
            },
            "dist": {
                "type": "zip",
                "url": "https://api.github.com/repos/gnugat/PronounceableWord/zipball/60a19dc7148e92de35ea536b9f873b86365d48f0",
                "reference": "60a19dc7148e92de35ea536b9f873b86365d48f0",
                "shasum": ""
            },
            "require": {
                "php": ">=5.2"
            },
            "type": "library",
            "autoload": {
                "psr-0": {
                    "PronounceableWord_": "src/"
                }
            },
            "notification-url": "https://packagist.org/downloads/",
            "license": [
                "MIT"
            ],
            "authors": [
                {
                    "name": "Loïc Chardonnet"
                }
            ],
            "description": "A light, customizable and simple library generating random and pronounceable words without using dictionaries or Markov chains.",
            "homepage": "https://github.com/gnugat/PronounceableWord",
            "keywords": [
                "generator",
                "pronounceable",
                "word"
            ],
            "abandoned": true,
            "time": "2012-01-08 19:36:58"
        },
        {
            "name": "php-imap/php-imap",
            "version": "2.0.3",
            "source": {
                "type": "git",
                "url": "https://github.com/barbushin/php-imap.git",
                "reference": "cc1a49a3f68090db182183c59ffbc09055d59f5b"
            },
            "dist": {
                "type": "zip",
                "url": "https://api.github.com/repos/barbushin/php-imap/zipball/cc1a49a3f68090db182183c59ffbc09055d59f5b",
                "reference": "cc1a49a3f68090db182183c59ffbc09055d59f5b",
                "shasum": ""
            },
            "require": {
                "php": ">=5.3.0"
            },
            "type": "library",
            "autoload": {
                "psr-0": {
                    "PhpImap": "src/"
                }
            },
            "notification-url": "https://packagist.org/downloads/",
            "license": [
                "BSD 3-Clause"
            ],
            "authors": [
                {
                    "name": "Sergey Barbushin",
                    "email": "barbushin@gmail.com",
                    "homepage": "http://linkedin.com/in/barbushin"
                }
            ],
            "description": "PHP class to access mailbox by POP3/IMAP/NNTP using IMAP extension",
            "homepage": "https://github.com/barbushin/php-imap",
            "keywords": [
                "imap",
                "mail",
                "php"
            ],
            "time": "2015-09-16 07:40:39"
        }
    ],
    "packages-dev": [],
    "aliases": [],
    "minimum-stability": "stable",
    "stability-flags": [],
    "prefer-stable": false,
    "prefer-lowest": false,
    "platform": [],
    "platform-dev": []
}
